
Microsoft Visual Studio Solution File, Format Version 12.00
# Visual Studio Version 16
VisualStudioVersion = 16.0.31729.503
MinimumVisualStudioVersion = 10.0.40219.1
Project("{FAE04EC0-301F-11D3-BF4B-00C04F79EFBC}") = "Dependency Inversion principle", "Dependency Inversion principle.csproj", "{9C68A2AA-D8DD-481F-9BDC-D9A0621AA718}"
EndProject
Global
	GlobalSection(SolutionConfigurationPlatforms) = preSolution
		Debug|Any CPU = Debug|Any CPU
		Release|Any CPU = Release|Any CPU
	EndGlobalSection
	GlobalSection(ProjectConfigurationPlatforms) = postSolution
		{9C68A2AA-D8DD-481F-9BDC-D9A0621AA718}.Debug|Any CPU.ActiveCfg = Debug|Any CPU
		{9C68A2AA-D8DD-481F-9BDC-D9A0621AA718}.Debug|Any CPU.Build.0 = Debug|Any CPU
		{9C68A2AA-D8DD-481F-9BDC-D9A0621AA718}.Release|Any CPU.ActiveCfg = Release|Any CPU
		{9C68A2AA-D8DD-481F-9BDC-D9A0621AA718}.Release|Any CPU.Build.0 = Release|Any CPU
	EndGlobalSection
	GlobalSection(SolutionProperties) = preSolution
		HideSolutionNode = FALSE
	EndGlobalSection
	GlobalSection(ExtensibilityGlobals) = postSolution
		SolutionGuid = {F22F57EB-1D07-4DE2-A1A8-DD6D8A44C346}
	EndGlobalSection
EndGlobal
